
Microsoft Visual Studio Solution File, Format Version 12.00
# Visual Studio Version 16
VisualStudioVersion = 16.0.30907.101
MinimumVisualStudioVersion = 10.0.40219.1
Project("{FAE04EC0-301F-11D3-BF4B-00C04F79EFBC}") = "LD48", "LD48\LD48.csproj", "{EB0066FF-AB70-4B22-9ECC-A86FCC5878F8}"
EndProject
Global
	GlobalSection(SolutionConfigurationPlatforms) = preSolution
		Debug|Any CPU = Debug|Any CPU
		Release|Any CPU = Release|Any CPU
	EndGlobalSection
	GlobalSection(ProjectConfigurationPlatforms) = postSolution
		{EB0066FF-AB70-4B22-9ECC-A86FCC5878F8}.Debug|Any CPU.ActiveCfg = Debug|Any CPU
		{EB0066FF-AB70-4B22-9ECC-A86FCC5878F8}.Debug|Any CPU.Build.0 = Debug|Any CPU
		{EB0066FF-AB70-4B22-9ECC-A86FCC5878F8}.Release|Any CPU.ActiveCfg = Release|Any CPU
		{EB0066FF-AB70-4B22-9ECC-A86FCC5878F8}.Release|Any CPU.Build.0 = Release|Any CPU
	EndGlobalSection
	GlobalSection(SolutionProperties) = preSolution
		HideSolutionNode = FALSE
	EndGlobalSection
	GlobalSection(ExtensibilityGlobals) = postSolution
		SolutionGuid = {30011807-5997-4984-9744-600596E8623D}
	EndGlobalSection
EndGlobal
